
Microsoft Visual Studio Solution File, Format Version 12.00
# Visual Studio Version 17
VisualStudioVersion = 17.7.34221.43
MinimumVisualStudioVersion = 10.0.40219.1
Project("{9A19103F-16F7-4668-BE54-9A1E7A4F7556}") = "ParkingLotManager.WebApi", "ParkingLotManager.WebApi\ParkingLotManager.WebApi.csproj", "{C2F11869-4381-4AF8-8710-619718851333}"
EndProject
Project("{9A19103F-16F7-4668-BE54-9A1E7A4F7556}") = "ParkingLotManager.XUnitTests", "ParkingLotManager.XUnitTests\ParkingLotManager.XUnitTests.csproj", "{30E87464-7330-466D-90F9-9340F409495E}"
EndProject
Project("{FAE04EC0-301F-11D3-BF4B-00C04F79EFBC}") = "ParkingLotManager.ReportApi", "ParkingLotManager.ReportApi\ParkingLotManager.ReportApi.csproj", "{6575B502-3CB4-4395-B7BB-6C976A2065A0}"
EndProject
Global
	GlobalSection(SolutionConfigurationPlatforms) = preSolution
		Debug|Any CPU = Debug|Any CPU
		Release|Any CPU = Release|Any CPU
	EndGlobalSection
	GlobalSection(ProjectConfigurationPlatforms) = postSolution
		{C2F11869-4381-4AF8-8710-619718851333}.Debug|Any CPU.ActiveCfg = Debug|Any CPU
		{C2F11869-4381-4AF8-8710-619718851333}.Debug|Any CPU.Build.0 = Debug|Any CPU
		{C2F11869-4381-4AF8-8710-619718851333}.Release|Any CPU.ActiveCfg = Release|Any CPU
		{C2F11869-4381-4AF8-8710-619718851333}.Release|Any CPU.Build.0 = Release|Any CPU
		{30E87464-7330-466D-90F9-9340F409495E}.Debug|Any CPU.ActiveCfg = Debug|Any CPU
		{30E87464-7330-466D-90F9-9340F409495E}.Debug|Any CPU.Build.0 = Debug|Any CPU
		{30E87464-7330-466D-90F9-9340F409495E}.Release|Any CPU.ActiveCfg = Release|Any CPU
		{30E87464-7330-466D-90F9-9340F409495E}.Release|Any CPU.Build.0 = Release|Any CPU
		{6575B502-3CB4-4395-B7BB-6C976A2065A0}.Debug|Any CPU.ActiveCfg = Debug|Any CPU
		{6575B502-3CB4-4395-B7BB-6C976A2065A0}.Debug|Any CPU.Build.0 = Debug|Any CPU
		{6575B502-3CB4-4395-B7BB-6C976A2065A0}.Release|Any CPU.ActiveCfg = Release|Any CPU
		{6575B502-3CB4-4395-B7BB-6C976A2065A0}.Release|Any CPU.Build.0 = Release|Any CPU
	EndGlobalSection
	GlobalSection(SolutionProperties) = preSolution
		HideSolutionNode = FALSE
	EndGlobalSection
	GlobalSection(ExtensibilityGlobals) = postSolution
		SolutionGuid = {51132601-227C-4788-A319-683A0283FF50}
	EndGlobalSection
EndGlobal
